Microsoft Visual Studio Solution File, Format Version 12.00
# Visual Studio 2012
Project("{FAE04EC0-301F-11D3-BF4B-00C04F79EFBC}") = "Top Down", "Top Down.csproj", "{2BE04667-5040-43E7-8D1B-2DF9B362E01F}"
EndProject
Global
	GlobalSection(SolutionConfigurationPlatforms) = preSolution
	Debug|Any CPU = Debug|Any CPU
	Release|Any CPU = Release|Any CPU
	Tools|Any CPU = Tools|Any CPU
	EndGlobalSection
	GlobalSection(ProjectConfigurationPlatforms) = postSolution
		{2BE04667-5040-43E7-8D1B-2DF9B362E01F}.Debug|Any CPU.ActiveCfg = Debug|Any CPU
		{2BE04667-5040-43E7-8D1B-2DF9B362E01F}.Debug|Any CPU.Build.0 = Debug|Any CPU
		{2BE04667-5040-43E7-8D1B-2DF9B362E01F}.Release|Any CPU.ActiveCfg = Release|Any CPU
		{2BE04667-5040-43E7-8D1B-2DF9B362E01F}.Release|Any CPU.Build.0 = Release|Any CPU
		{2BE04667-5040-43E7-8D1B-2DF9B362E01F}.Tools|Any CPU.ActiveCfg = Tools|Any CPU
		{2BE04667-5040-43E7-8D1B-2DF9B362E01F}.Tools|Any CPU.Build.0 = Tools|Any CPU
	EndGlobalSection
EndGlobal
